
Microsoft Visual Studio Solution File, Format Version 12.00
Project("{FAE04EC0-301F-11D3-BF4B-00C04F79EFBC}") = "DspLib", "DspLib\DspLib.csproj", "{C379C548-F606-4004-820A-09CD60E4B360}"
EndProject
Project("{FAE04EC0-301F-11D3-BF4B-00C04F79EFBC}") = "Tests", "Tests\Tests.csproj", "{2424D880-408C-4A34-9464-EB84B0FBC4B5}"
EndProject
Project("{FAE04EC0-301F-11D3-BF4B-00C04F79EFBC}") = "DataBaseConsole", "DataBaseConsole\DataBaseConsole.csproj", "{EAFC996D-BAC8-42C6-A99F-9F4D0B126181}"
EndProject
Project("{FAE04EC0-301F-11D3-BF4B-00C04F79EFBC}") = "GUI", "GUI\GUI\GUI.csproj", "{4C71F6D5-67DF-4078-AAFC-A54631F8E868}"
EndProject
Project("{FAE04EC0-301F-11D3-BF4B-00C04F79EFBC}") = "GUI.Android", "GUI\GUI.Android\GUI.Android.csproj", "{2535D6F3-D982-40B0-A67B-E724360592E5}"
EndProject
Project("{FAE04EC0-301F-11D3-BF4B-00C04F79EFBC}") = "GUI.Desktop", "GUI\GUI.Desktop\GUI.Desktop.csproj", "{B6F38092-168C-4D51-9E1C-DB8B82E56875}"
EndProject
Project("{FAE04EC0-301F-11D3-BF4B-00C04F79EFBC}") = "GUI.iOS", "GUI\GUI.iOS\GUI.iOS.csproj", "{23D64E0A-4918-4388-903B-33AC5286490C}"
EndProject
Project("{FAE04EC0-301F-11D3-BF4B-00C04F79EFBC}") = "GUI.Browser", "GUI\GUI.Browser\GUI.Browser.csproj", "{5350C7C8-0523-4341-832C-32887765224D}"
EndProject
Global
	GlobalSection(SolutionConfigurationPlatforms) = preSolution
		Debug|Any CPU = Debug|Any CPU
		Release|Any CPU = Release|Any CPU
	EndGlobalSection
	GlobalSection(ProjectConfigurationPlatforms) = postSolution
		{C379C548-F606-4004-820A-09CD60E4B360}.Debug|Any CPU.ActiveCfg = Debug|Any CPU
		{C379C548-F606-4004-820A-09CD60E4B360}.Debug|Any CPU.Build.0 = Debug|Any CPU
		{C379C548-F606-4004-820A-09CD60E4B360}.Release|Any CPU.ActiveCfg = Release|Any CPU
		{C379C548-F606-4004-820A-09CD60E4B360}.Release|Any CPU.Build.0 = Release|Any CPU
		{2424D880-408C-4A34-9464-EB84B0FBC4B5}.Debug|Any CPU.ActiveCfg = Debug|Any CPU
		{2424D880-408C-4A34-9464-EB84B0FBC4B5}.Debug|Any CPU.Build.0 = Debug|Any CPU
		{2424D880-408C-4A34-9464-EB84B0FBC4B5}.Release|Any CPU.ActiveCfg = Release|Any CPU
		{2424D880-408C-4A34-9464-EB84B0FBC4B5}.Release|Any CPU.Build.0 = Release|Any CPU
		{EAFC996D-BAC8-42C6-A99F-9F4D0B126181}.Debug|Any CPU.ActiveCfg = Debug|Any CPU
		{EAFC996D-BAC8-42C6-A99F-9F4D0B126181}.Debug|Any CPU.Build.0 = Debug|Any CPU
		{EAFC996D-BAC8-42C6-A99F-9F4D0B126181}.Release|Any CPU.ActiveCfg = Release|Any CPU
		{EAFC996D-BAC8-42C6-A99F-9F4D0B126181}.Release|Any CPU.Build.0 = Release|Any CPU
		{4C71F6D5-67DF-4078-AAFC-A54631F8E868}.Debug|Any CPU.ActiveCfg = Debug|Any CPU
		{4C71F6D5-67DF-4078-AAFC-A54631F8E868}.Debug|Any CPU.Build.0 = Debug|Any CPU
		{4C71F6D5-67DF-4078-AAFC-A54631F8E868}.Release|Any CPU.ActiveCfg = Release|Any CPU
		{4C71F6D5-67DF-4078-AAFC-A54631F8E868}.Release|Any CPU.Build.0 = Release|Any CPU
		{2535D6F3-D982-40B0-A67B-E724360592E5}.Debug|Any CPU.ActiveCfg = Debug|Any CPU
		{2535D6F3-D982-40B0-A67B-E724360592E5}.Debug|Any CPU.Build.0 = Debug|Any CPU
		{2535D6F3-D982-40B0-A67B-E724360592E5}.Release|Any CPU.ActiveCfg = Release|Any CPU
		{2535D6F3-D982-40B0-A67B-E724360592E5}.Release|Any CPU.Build.0 = Release|Any CPU
		{B6F38092-168C-4D51-9E1C-DB8B82E56875}.Debug|Any CPU.ActiveCfg = Debug|Any CPU
		{B6F38092-168C-4D51-9E1C-DB8B82E56875}.Debug|Any CPU.Build.0 = Debug|Any CPU
		{B6F38092-168C-4D51-9E1C-DB8B82E56875}.Release|Any CPU.ActiveCfg = Release|Any CPU
		{B6F38092-168C-4D51-9E1C-DB8B82E56875}.Release|Any CPU.Build.0 = Release|Any CPU
		{23D64E0A-4918-4388-903B-33AC5286490C}.Debug|Any CPU.ActiveCfg = Debug|Any CPU
		{23D64E0A-4918-4388-903B-33AC5286490C}.Debug|Any CPU.Build.0 = Debug|Any CPU
		{23D64E0A-4918-4388-903B-33AC5286490C}.Release|Any CPU.ActiveCfg = Release|Any CPU
		{23D64E0A-4918-4388-903B-33AC5286490C}.Release|Any CPU.Build.0 = Release|Any CPU
		{5350C7C8-0523-4341-832C-32887765224D}.Debug|Any CPU.ActiveCfg = Debug|Any CPU
		{5350C7C8-0523-4341-832C-32887765224D}.Debug|Any CPU.Build.0 = Debug|Any CPU
		{5350C7C8-0523-4341-832C-32887765224D}.Release|Any CPU.ActiveCfg = Release|Any CPU
		{5350C7C8-0523-4341-832C-32887765224D}.Release|Any CPU.Build.0 = Release|Any CPU
	EndGlobalSection
EndGlobal
